// !$*UTF8*$!
{
	archiveVersion = 1;
	classes = {
	};
	objectVersion = 56;
	objects = {

/* Begin PBXBuildFile section */
		AABB00000000000000000001 /* RedMedApp.swift in Sources */ = {isa = PBXBuildFile; fileRef = AAAA00000000000000000001 /* RedMedApp.swift */; };
		AABB00000000000000000002 /* ContentView.swift in Sources */ = {isa = PBXBuildFile; fileRef = AAAA00000000000000000002 /* ContentView.swift */; };
		AABB00000000000000000003 /* Theme.swift in Sources */ = {isa = PBXBuildFile; fileRef = AAAA00000000000000000003 /* Theme.swift */; };
		AABB00000000000000000004 /* ProfileData.swift in Sources */ = {isa = PBXBuildFile; fileRef = AAAA00000000000000000004 /* ProfileData.swift */; };
		AABB00000000000000000005 /* MyIDView.swift in Sources */ = {isa = PBXBuildFile; fileRef = AAAA00000000000000000005 /* MyIDView.swift */; };
		AABB00000000000000000006 /* EditProfileView.swift in Sources */ = {isa = PBXBuildFile; fileRef = AAAA00000000000000000006 /* EditProfileView.swift */; };
		AABB00000000000000000007 /* EmergencyView.swift in Sources */ = {isa = PBXBuildFile; fileRef = AAAA00000000000000000007 /* EmergencyView.swift */; };
		AABB00000000000000000008 /* AidView.swift in Sources */ = {isa = PBXBuildFile; fileRef = AAAA00000000000000000008 /* AidView.swift */; };
		AABB00000000000000000009 /* TopicDetailView.swift in Sources */ = {isa = PBXBuildFile; fileRef = AAAA00000000000000000009 /* TopicDetailView.swift */; };
		AABB0000000000000000000A /* NFCView.swift in Sources */ = {isa = PBXBuildFile; fileRef = AAAA0000000000000000000A /* NFCView.swift */; };
		AABB0000000000000000000B /* HelpMenuView.swift in Sources */ = {isa = PBXBuildFile; fileRef = AAAA0000000000000000000E /* HelpMenuView.swift */; };
		AABB0000000000000000000C /* Assets.xcassets in Resources */ = {isa = PBXBuildFile; fileRef = AAAA0000000000000000000C /* Assets.xcassets */; };
		AABB00000000000000000010 /* NearbyHospitals.swift in Sources */ = {isa = PBXBuildFile; fileRef = AAAA00000000000000000010 /* NearbyHospitals.swift */; };
		AABB00000000000000000011 /* MedicationData.swift in Sources */ = {isa = PBXBuildFile; fileRef = AAAA00000000000000000011 /* MedicationData.swift */; };
		AABB00000000000000000012 /* PublicCardView.swift in Sources */ = {isa = PBXBuildFile; fileRef = AAAA00000000000000000012 /* PublicCardView.swift */; };
		AABB00000000000000000013 /* LocationHelper.swift in Sources */ = {isa = PBXBuildFile; fileRef = AAAA00000000000000000013 /* LocationHelper.swift */; };
		AABB00000000000000000014 /* BiometricAuth.swift in Sources */ = {isa = PBXBuildFile; fileRef = AAAA00000000000000000014 /* BiometricAuth.swift */; };
		AABB00000000000000000016 /* PrivacyPolicy.html in Resources */ = {isa = PBXBuildFile; fileRef = AAAA00000000000000000016 /* PrivacyPolicy.html */; };
		AABB00000000000000000017 /* TOS.html in Resources */ = {isa = PBXBuildFile; fileRef = AAAA00000000000000000017 /* TOS.html */; };
		AABB00000000000000000018 /* security.html in Resources */ = {isa = PBXBuildFile; fileRef = AAAA00000000000000000018 /* security.html */; };
		AABB00000000000000000019 /* HowItWorks.html in Resources */ = {isa = PBXBuildFile; fileRef = AAAA00000000000000000019 /* HowItWorks.html */; };
		AABB0000000000000000001A /* legal-doc.css in Resources */ = {isa = PBXBuildFile; fileRef = AAAA0000000000000000001A /* legal-doc.css */; };
		AABB0000000000000000001B /* KeychainStore.swift in Sources */ = {isa = PBXBuildFile; fileRef = AAAA0000000000000000001B /* KeychainStore.swift */; };
		AABB00000000000000000020 /* EmergencyNumber.swift in Sources */ = {isa = PBXBuildFile; fileRef = AAAA00000000000000000020 /* EmergencyNumber.swift */; };
		AABB0000000000000000001C /* AppConfig.swift in Sources */ = {isa = PBXBuildFile; fileRef = AAAA0000000000000000001C /* AppConfig.swift */; };
		AABB0000000000000000001D /* ProfileNFCCodec.swift in Sources */ = {isa = PBXBuildFile; fileRef = AAAA0000000000000000001D /* ProfileNFCCodec.swift */; };
		AABB0000000000000000001E /* NFCWriter.swift in Sources */ = {isa = PBXBuildFile; fileRef = AAAA0000000000000000001E /* NFCWriter.swift */; };
		AABB0000000000000000001F /* NFCReader.swift in Sources */ = {isa = PBXBuildFile; fileRef = AAAA0000000000000000001F /* NFCReader.swift */; };
/* End PBXBuildFile section */

/* Begin PBXFileReference section */
		AAAA00000000000000000001 /* RedMedApp.swift */ = {isa = PBXFileReference; lastKnownFileType = sourcecode.swift; path = RedMedApp.swift; sourceTree = "<group>"; };
		AAAA00000000000000000002 /* ContentView.swift */ = {isa = PBXFileReference; lastKnownFileType = sourcecode.swift; path = ContentView.swift; sourceTree = "<group>"; };
		AAAA00000000000000000003 /* Theme.swift */ = {isa = PBXFileReference; lastKnownFileType = sourcecode.swift; path = Theme.swift; sourceTree = "<group>"; };
		AAAA00000000000000000004 /* ProfileData.swift */ = {isa = PBXFileReference; lastKnownFileType = sourcecode.swift; path = ProfileData.swift; sourceTree = "<group>"; };
		AAAA00000000000000000005 /* MyIDView.swift */ = {isa = PBXFileReference; lastKnownFileType = sourcecode.swift; path = MyIDView.swift; sourceTree = "<group>"; };
		AAAA00000000000000000006 /* EditProfileView.swift */ = {isa = PBXFileReference; lastKnownFileType = sourcecode.swift; path = EditProfileView.swift; sourceTree = "<group>"; };
		AAAA00000000000000000007 /* EmergencyView.swift */ = {isa = PBXFileReference; lastKnownFileType = sourcecode.swift; path = EmergencyView.swift; sourceTree = "<group>"; };
		AAAA00000000000000000008 /* AidView.swift */ = {isa = PBXFileReference; lastKnownFileType = sourcecode.swift; path = AidView.swift; sourceTree = "<group>"; };
		AAAA00000000000000000009 /* TopicDetailView.swift */ = {isa = PBXFileReference; lastKnownFileType = sourcecode.swift; path = TopicDetailView.swift; sourceTree = "<group>"; };
		AAAA0000000000000000000A /* NFCView.swift */ = {isa = PBXFileReference; lastKnownFileType = sourcecode.swift; path = NFCView.swift; sourceTree = "<group>"; };
		AAAA0000000000000000000B /* Info.plist */ = {isa = PBXFileReference; lastKnownFileType = text.plist.xml; path = Info.plist; sourceTree = "<group>"; };
		AAAA0000000000000000000C /* Assets.xcassets */ = {isa = PBXFileReference; lastKnownFileType = folder.assetcatalog; path = Assets.xcassets; sourceTree = "<group>"; };
		AAAA0000000000000000000D /* RedMed.app */ = {isa = PBXFileReference; explicitFileType = wrapper.application; includeInIndex = 0; path = RedMed.app; sourceTree = BUILT_PRODUCTS_DIR; };
		AAAA0000000000000000000E /* HelpMenuView.swift */ = {isa = PBXFileReference; lastKnownFileType = sourcecode.swift; path = HelpMenuView.swift; sourceTree = "<group>"; };
		AAAA0000000000000000000F /* RedMed.entitlements */ = {isa = PBXFileReference; lastKnownFileType = text.plist.entitlements; path = RedMed.entitlements; sourceTree = "<group>"; };
		AAAA00000000000000000010 /* NearbyHospitals.swift */ = {isa = PBXFileReference; lastKnownFileType = sourcecode.swift; path = NearbyHospitals.swift; sourceTree = "<group>"; };
		AAAA00000000000000000011 /* MedicationData.swift */ = {isa = PBXFileReference; lastKnownFileType = sourcecode.swift; path = MedicationData.swift; sourceTree = "<group>"; };
		AAAA00000000000000000012 /* PublicCardView.swift */ = {isa = PBXFileReference; lastKnownFileType = sourcecode.swift; path = PublicCardView.swift; sourceTree = "<group>"; };
		AAAA00000000000000000013 /* LocationHelper.swift */ = {isa = PBXFileReference; lastKnownFileType = sourcecode.swift; path = LocationHelper.swift; sourceTree = "<group>"; };
		AAAA00000000000000000014 /* BiometricAuth.swift */ = {isa = PBXFileReference; lastKnownFileType = sourcecode.swift; path = BiometricAuth.swift; sourceTree = "<group>"; };
		AAAA00000000000000000016 /* PrivacyPolicy.html */ = {isa = PBXFileReference; lastKnownFileType = text.html; path = PrivacyPolicy.html; sourceTree = "<group>"; };
		AAAA00000000000000000017 /* TOS.html */ = {isa = PBXFileReference; lastKnownFileType = text.html; path = TOS.html; sourceTree = "<group>"; };
		AAAA00000000000000000018 /* security.html */ = {isa = PBXFileReference; lastKnownFileType = text.html; path = security.html; sourceTree = "<group>"; };
		AAAA00000000000000000019 /* HowItWorks.html */ = {isa = PBXFileReference; lastKnownFileType = text.html; path = HowItWorks.html; sourceTree = "<group>"; };
		AAAA0000000000000000001A /* legal-doc.css */ = {isa = PBXFileReference; lastKnownFileType = text.css; path = "legal-doc.css"; sourceTree = "<group>"; };
		AAAA0000000000000000001B /* KeychainStore.swift */ = {isa = PBXFileReference; lastKnownFileType = sourcecode.swift; path = KeychainStore.swift; sourceTree = "<group>"; };
		AAAA00000000000000000020 /* EmergencyNumber.swift */ = {isa = PBXFileReference; lastKnownFileType = sourcecode.swift; path = EmergencyNumber.swift; sourceTree = "<group>"; };
		AAAA0000000000000000001C /* AppConfig.swift */ = {isa = PBXFileReference; lastKnownFileType = sourcecode.swift; path = AppConfig.swift; sourceTree = "<group>"; };
		AAAA0000000000000000001D /* ProfileNFCCodec.swift */ = {isa = PBXFileReference; lastKnownFileType = sourcecode.swift; path = ProfileNFCCodec.swift; sourceTree = "<group>"; };
		AAAA0000000000000000001E /* NFCWriter.swift */ = {isa = PBXFileReference; lastKnownFileType = sourcecode.swift; path = NFCWriter.swift; sourceTree = "<group>"; };
		AAAA0000000000000000001F /* NFCReader.swift */ = {isa = PBXFileReference; lastKnownFileType = sourcecode.swift; path = NFCReader.swift; sourceTree = "<group>"; };
/* End PBXFileReference section */

/* Begin PBXFrameworksBuildPhase section */
		AAAA000000000000000000FF /* Frameworks */ = {
			isa = PBXFrameworksBuildPhase;
			buildActionMask = 2147483647;
			files = (
			);
			runOnlyForDeploymentPostprocessing = 0;
		};
/* End PBXFrameworksBuildPhase section */

/* Begin PBXGroup section */
		AAAA000000000000000000AA = {
			isa = PBXGroup;
			children = (
				AAAA000000000000000000BB /* RedMed */,
				AAAA000000000000000000CC /* Products */,
			);
			sourceTree = "<group>";
		};
		AAAA000000000000000000BB /* RedMed */ = {
			isa = PBXGroup;
			children = (
				AAAA00000000000000000001 /* RedMedApp.swift */,
				AAAA00000000000000000002 /* ContentView.swift */,
				AAAA00000000000000000003 /* Theme.swift */,
				AAAA00000000000000000004 /* ProfileData.swift */,
				AAAA00000000000000000005 /* MyIDView.swift */,
				AAAA00000000000000000006 /* EditProfileView.swift */,
				AAAA00000000000000000007 /* EmergencyView.swift */,
				AAAA00000000000000000008 /* AidView.swift */,
				AAAA00000000000000000009 /* TopicDetailView.swift */,
				AAAA00000000000000000010 /* NearbyHospitals.swift */,
				AAAA00000000000000000011 /* MedicationData.swift */,
				AAAA00000000000000000012 /* PublicCardView.swift */,
				AAAA00000000000000000013 /* LocationHelper.swift */,
				AAAA00000000000000000014 /* BiometricAuth.swift */,
				AAAA0000000000000000001B /* KeychainStore.swift */,
				AAAA00000000000000000020 /* EmergencyNumber.swift */,
				AAAA0000000000000000001C /* AppConfig.swift */,
				AAAA0000000000000000001D /* ProfileNFCCodec.swift */,
				AAAA0000000000000000001E /* NFCWriter.swift */,
				AAAA0000000000000000001F /* NFCReader.swift */,
				AAAA0000000000000000000A /* NFCView.swift */,
				AAAA0000000000000000000E /* HelpMenuView.swift */,
				AAAA00000000000000000016 /* PrivacyPolicy.html */,
				AAAA00000000000000000017 /* TOS.html */,
				AAAA00000000000000000018 /* security.html */,
				AAAA00000000000000000019 /* HowItWorks.html */,
				AAAA0000000000000000001A /* legal-doc.css */,
				AAAA0000000000000000000C /* Assets.xcassets */,
				AAAA0000000000000000000B /* Info.plist */,
				AAAA0000000000000000000F /* RedMed.entitlements */,
			);
			path = RedMed;
			sourceTree = "<group>";
		};
		AAAA000000000000000000CC /* Products */ = {
			isa = PBXGroup;
			children = (
				AAAA0000000000000000000D /* RedMed.app */,
			);
			name = Products;
			sourceTree = "<group>";
		};
/* End PBXGroup section */

/* Begin PBXNativeTarget section */
		AACC00000000000000000001 /* RedMed */ = {
			isa = PBXNativeTarget;
			buildConfigurationList = AADD00000000000000000006 /* Build configuration list for PBXNativeTarget "RedMed" */;
			buildPhases = (
				AAAA000000000000000000DD /* Sources */,
				AAAA000000000000000000EE /* Resources */,
				AAAA000000000000000000FF /* Frameworks */,
			);
			buildRules = (
			);
			dependencies = (
			);
			name = RedMed;
			productName = RedMed;
			productReference = AAAA0000000000000000000D /* RedMed.app */;
			productType = "com.apple.product-type.application";
		};
/* End PBXNativeTarget section */

/* Begin PBXProject section */
		AAEE00000000000000000001 /* Project object */ = {
			isa = PBXProject;
			attributes = {
				BuildIndependentTargetsInParallel = 1;
				LastSwiftUpdateCheck = 1500;
				LastUpgradeCheck = 2700;
				TargetAttributes = {
					AACC00000000000000000001 = {
						CreatedOnToolsVersion = 15.0;
					};
				};
			};
			buildConfigurationList = AADD00000000000000000005 /* Build configuration list for PBXProject "RedMed" */;
			compatibilityVersion = "Xcode 14.0";
			developmentRegion = en;
			hasScannedForEncodings = 0;
			knownRegions = (
				en,
				Base,
			);
			mainGroup = AAAA000000000000000000AA;
			productRefGroup = AAAA000000000000000000CC /* Products */;
			projectDirPath = "";
			projectRoot = "";
			targets = (
				AACC00000000000000000001 /* RedMed */,
			);
		};
/* End PBXProject section */

/* Begin PBXResourcesBuildPhase section */
		AAAA000000000000000000EE /* Resources */ = {
			isa = PBXResourcesBuildPhase;
			buildActionMask = 2147483647;
			files = (
				AABB0000000000000000000C /* Assets.xcassets in Resources */,
				AABB00000000000000000016 /* PrivacyPolicy.html in Resources */,
				AABB00000000000000000017 /* TOS.html in Resources */,
				AABB00000000000000000018 /* security.html in Resources */,
				AABB00000000000000000019 /* HowItWorks.html in Resources */,
				AABB0000000000000000001A /* legal-doc.css in Resources */,
			);
			runOnlyForDeploymentPostprocessing = 0;
		};
/* End PBXResourcesBuildPhase section */

/* Begin PBXSourcesBuildPhase section */
		AAAA000000000000000000DD /* Sources */ = {
			isa = PBXSourcesBuildPhase;
			buildActionMask = 2147483647;
			files = (
				AABB00000000000000000001 /* RedMedApp.swift in Sources */,
				AABB00000000000000000002 /* ContentView.swift in Sources */,
				AABB00000000000000000003 /* Theme.swift in Sources */,
				AABB00000000000000000004 /* ProfileData.swift in Sources */,
				AABB00000000000000000005 /* MyIDView.swift in Sources */,
				AABB00000000000000000006 /* EditProfileView.swift in Sources */,
				AABB00000000000000000007 /* EmergencyView.swift in Sources */,
				AABB00000000000000000008 /* AidView.swift in Sources */,
				AABB00000000000000000009 /* TopicDetailView.swift in Sources */,
				AABB00000000000000000010 /* NearbyHospitals.swift in Sources */,
				AABB00000000000000000011 /* MedicationData.swift in Sources */,
				AABB00000000000000000012 /* PublicCardView.swift in Sources */,
				AABB00000000000000000013 /* LocationHelper.swift in Sources */,
				AABB00000000000000000014 /* BiometricAuth.swift in Sources */,
				AABB0000000000000000001B /* KeychainStore.swift in Sources */,
				AABB00000000000000000020 /* EmergencyNumber.swift in Sources */,
				AABB0000000000000000001C /* AppConfig.swift in Sources */,
				AABB0000000000000000001D /* ProfileNFCCodec.swift in Sources */,
				AABB0000000000000000001E /* NFCWriter.swift in Sources */,
				AABB0000000000000000001F /* NFCReader.swift in Sources */,
				AABB0000000000000000000A /* NFCView.swift in Sources */,
				AABB0000000000000000000B /* HelpMenuView.swift in Sources */,
			);
			runOnlyForDeploymentPostprocessing = 0;
		};
/* End PBXSourcesBuildPhase section */

/* Begin XCBuildConfiguration section */
		AADD00000000000000000001 /* Debug */ = {
			isa = XCBuildConfiguration;
			buildSettings = {
				ALWAYS_SEARCH_USER_PATHS = NO;
				CLANG_ENABLE_MODULES = YES;
				CLANG_ENABLE_OBJC_ARC = YES;
				CLANG_WARN_BLOCK_CAPTURE_AUTORELEASING = YES;
				CLANG_WARN_BOOL_CONVERSION = YES;
				CLANG_WARN_COMMA = YES;
				CLANG_WARN_CONSTANT_CONVERSION = YES;
				CLANG_WARN_DEPRECATED_OBJC_IMPLEMENTATIONS = YES;
				CLANG_WARN_DIRECT_OBJC_ISA_USAGE = YES_ERROR;
				CLANG_WARN_EMPTY_BODY = YES;
				CLANG_WARN_ENUM_CONVERSION = YES;
				CLANG_WARN_INFINITE_RECURSION = YES;
				CLANG_WARN_INT_CONVERSION = YES;
				CLANG_WARN_NON_LITERAL_NULL_CONVERSION = YES;
				CLANG_WARN_OBJC_IMPLICIT_RETAIN_SELF = YES;
				CLANG_WARN_OBJC_LITERAL_CONVERSION = YES;
				CLANG_WARN_OBJC_ROOT_CLASS = YES_ERROR;
				CLANG_WARN_QUOTED_INCLUDE_IN_FRAMEWORK_HEADER = YES;
				CLANG_WARN_RANGE_LOOP_ANALYSIS = YES;
				CLANG_WARN_STRICT_PROTOTYPES = YES;
				CLANG_WARN_SUSPICIOUS_MOVE = YES;
				CLANG_WARN_UNGUARDED_AVAILABILITY = YES_AGGRESSIVE;
				CLANG_WARN_UNREACHABLE_CODE = YES;
				CLANG_WARN__DUPLICATE_METHOD_MATCH = YES;
				COPY_PHASE_STRIP = NO;
				DEBUG_INFORMATION_FORMAT = dwarf;
				DEVELOPMENT_TEAM = 33F9FQ4VBU;
				ENABLE_STRICT_OBJC_MSGSEND = YES;
				ENABLE_TESTABILITY = YES;
				ENABLE_USER_SCRIPT_SANDBOXING = YES;
				GCC_C_LANGUAGE_STANDARD = gnu17;
				GCC_DYNAMIC_NO_PIC = NO;
				GCC_NO_COMMON_BLOCKS = YES;
				GCC_OPTIMIZATION_LEVEL = 0;
				GCC_PREPROCESSOR_DEFINITIONS = (
					"DEBUG=1",
					"$(inherited)",
				);
				GCC_WARN_64_TO_32_BIT_CONVERSION = YES;
				GCC_WARN_ABOUT_RETURN_TYPE = YES_ERROR;
				GCC_WARN_UNDECLARED_SELECTOR = YES;
				GCC_WARN_UNINITIALIZED_AUTOS = YES_AGGRESSIVE;
				GCC_WARN_UNUSED_FUNCTION = YES;
				GCC_WARN_UNUSED_VARIABLE = YES;
				IPHONEOS_DEPLOYMENT_TARGET = 17.0;
				ONLY_ACTIVE_ARCH = YES;
				SDKROOT = iphoneos;
				STRING_CATALOG_GENERATE_SYMBOLS = YES;
				SWIFT_ACTIVE_COMPILATION_CONDITIONS = "DEBUG $(inherited)";
				SWIFT_COMPILATION_MODE = incremental;
				SWIFT_OPTIMIZATION_LEVEL = "-Onone";
			};
			name = Debug;
		};
		AADD00000000000000000002 /* Release */ = {
			isa = XCBuildConfiguration;
			buildSettings = {
				ALWAYS_SEARCH_USER_PATHS = NO;
				CLANG_ENABLE_MODULES = YES;
				CLANG_ENABLE_OBJC_ARC = YES;
				CLANG_WARN_BLOCK_CAPTURE_AUTORELEASING = YES;
				CLANG_WARN_BOOL_CONVERSION = YES;
				CLANG_WARN_COMMA = YES;
				CLANG_WARN_CONSTANT_CONVERSION = YES;
				CLANG_WARN_DEPRECATED_OBJC_IMPLEMENTATIONS = YES;
				CLANG_WARN_DIRECT_OBJC_ISA_USAGE = YES_ERROR;
				CLANG_WARN_EMPTY_BODY = YES;
				CLANG_WARN_ENUM_CONVERSION = YES;
				CLANG_WARN_INFINITE_RECURSION = YES;
				CLANG_WARN_INT_CONVERSION = YES;
				CLANG_WARN_NON_LITERAL_NULL_CONVERSION = YES;
				CLANG_WARN_OBJC_IMPLICIT_RETAIN_SELF = YES;
				CLANG_WARN_OBJC_LITERAL_CONVERSION = YES;
				CLANG_WARN_OBJC_ROOT_CLASS = YES_ERROR;
				CLANG_WARN_QUOTED_INCLUDE_IN_FRAMEWORK_HEADER = YES;
				CLANG_WARN_RANGE_LOOP_ANALYSIS = YES;
				CLANG_WARN_STRICT_PROTOTYPES = YES;
				CLANG_WARN_SUSPICIOUS_MOVE = YES;
				CLANG_WARN_UNGUARDED_AVAILABILITY = YES_AGGRESSIVE;
				CLANG_WARN_UNREACHABLE_CODE = YES;
				CLANG_WARN__DUPLICATE_METHOD_MATCH = YES;
				COPY_PHASE_STRIP = NO;
				DEBUG_INFORMATION_FORMAT = "dwarf-with-dsym";
				DEVELOPMENT_TEAM = 33F9FQ4VBU;
				ENABLE_NS_ASSERTIONS = NO;
				ENABLE_STRICT_OBJC_MSGSEND = YES;
				ENABLE_USER_SCRIPT_SANDBOXING = YES;
				GCC_C_LANGUAGE_STANDARD = gnu17;
				GCC_NO_COMMON_BLOCKS = YES;
				GCC_WARN_64_TO_32_BIT_CONVERSION = YES;
				GCC_WARN_ABOUT_RETURN_TYPE = YES_ERROR;
				GCC_WARN_UNDECLARED_SELECTOR = YES;
				GCC_WARN_UNINITIALIZED_AUTOS = YES_AGGRESSIVE;
				GCC_WARN_UNUSED_FUNCTION = YES;
				GCC_WARN_UNUSED_VARIABLE = YES;
				IPHONEOS_DEPLOYMENT_TARGET = 17.0;
				SDKROOT = iphoneos;
				STRING_CATALOG_GENERATE_SYMBOLS = YES;
				SWIFT_COMPILATION_MODE = wholemodule;
				VALIDATE_PRODUCT = YES;
			};
			name = Release;
		};
		AADD00000000000000000003 /* Debug */ = {
			isa = XCBuildConfiguration;
			buildSettings = {
				ASSETCATALOG_COMPILER_APPICON_NAME = AppIcon;
				ASSETCATALOG_COMPILER_GLOBAL_ACCENT_COLOR_NAME = AccentColor;
				CODE_SIGN_ENTITLEMENTS = RedMed/RedMed.entitlements;
				CODE_SIGN_STYLE = Automatic;
				CURRENT_PROJECT_VERSION = 1;
				ENABLE_PREVIEWS = YES;
				GENERATE_INFOPLIST_FILE = NO;
				INFOPLIST_FILE = RedMed/Info.plist;
				IPHONEOS_DEPLOYMENT_TARGET = 17.0;
				LD_RUNPATH_SEARCH_PATHS = (
					"$(inherited)",
					"@executable_path/Frameworks",
				);
				MARKETING_VERSION = 1.0;
				PRODUCT_BUNDLE_IDENTIFIER = com.redmed.app;
				PRODUCT_NAME = "$(TARGET_NAME)";
				SWIFT_EMIT_LOC_STRINGS = YES;
				SWIFT_VERSION = 5.0;
				TARGETED_DEVICE_FAMILY = 1;
			};
			name = Debug;
		};
		AADD00000000000000000004 /* Release */ = {
			isa = XCBuildConfiguration;
			buildSettings = {
				ASSETCATALOG_COMPILER_APPICON_NAME = AppIcon;
				ASSETCATALOG_COMPILER_GLOBAL_ACCENT_COLOR_NAME = AccentColor;
				CODE_SIGN_ENTITLEMENTS = RedMed/RedMed.entitlements;
				CODE_SIGN_STYLE = Automatic;
				CURRENT_PROJECT_VERSION = 1;
				ENABLE_PREVIEWS = YES;
				GENERATE_INFOPLIST_FILE = NO;
				INFOPLIST_FILE = RedMed/Info.plist;
				IPHONEOS_DEPLOYMENT_TARGET = 17.0;
				LD_RUNPATH_SEARCH_PATHS = (
					"$(inherited)",
					"@executable_path/Frameworks",
				);
				MARKETING_VERSION = 1.0;
				PRODUCT_BUNDLE_IDENTIFIER = com.redmed.app;
				PRODUCT_NAME = "$(TARGET_NAME)";
				SWIFT_EMIT_LOC_STRINGS = YES;
				SWIFT_VERSION = 5.0;
				TARGETED_DEVICE_FAMILY = 1;
			};
			name = Release;
		};
/* End XCBuildConfiguration section */

/* Begin XCConfigurationList section */
		AADD00000000000000000005 /* Build configuration list for PBXProject "RedMed" */ = {
			isa = XCConfigurationList;
			buildConfigurations = (
				AADD00000000000000000001 /* Debug */,
				AADD00000000000000000002 /* Release */,
			);
			defaultConfigurationIsVisible = 0;
			defaultConfigurationName = Release;
		};
		AADD00000000000000000006 /* Build configuration list for PBXNativeTarget "RedMed" */ = {
			isa = XCConfigurationList;
			buildConfigurations = (
				AADD00000000000000000003 /* Debug */,
				AADD00000000000000000004 /* Release */,
			);
			defaultConfigurationIsVisible = 0;
			defaultConfigurationName = Release;
		};
/* End XCConfigurationList section */
	};
	rootObject = AAEE00000000000000000001 /* Project object */;
}
