// !$*UTF8*$!
{
	archiveVersion = 1;
	classes = {
	};
	objectVersion = 56;
	objects = {

/* Begin PBXBuildFile section */
		AABB00000000000000000001 /* RedMedApp.swift in Sources */ = {isa = PBXBuildFile; fileRef = AAAA00000000000000000001 /* RedMedApp.swift */; };
		AABB00000000000000000002 /* ContentView.swift in Sources */ = {isa = PBXBuildFile; fileRef = AAAA00000000000000000002 /* ContentView.swift */; };
		AABB00000000000000000003 /* Theme.swift in Sources */ = {isa = PBXBuildFile; fileRef = AAAA00000000000000000003 /* Theme.swift */; };
		AABB00000000000000000004 /* ProfileData.swift in Sources */ = {isa = PBXBuildFile; fileRef = AAAA00000000000000000004 /* ProfileData.swift */; };
		AABB00000000000000000005 /* RedMedView.swift in Sources */ = {isa = PBXBuildFile; fileRef = AAAA00000000000000000005 /* RedMedView.swift */; };
		AABB00000000000000000006 /* EditProfileView.swift in Sources */ = {isa = PBXBuildFile; fileRef = AAAA00000000000000000006 /* EditProfileView.swift */; };
		AABB00000000000000000007 /* EmergencyView.swift in Sources */ = {isa = PBXBuildFile; fileRef = AAAA00000000000000000007 /* EmergencyView.swift */; };
		AABB00000000000000000008 /* AidView.swift in Sources */ = {isa = PBXBuildFile; fileRef = AAAA00000000000000000008 /* AidView.swift */; };
		AABB00000000000000000009 /* TopicDetailView.swift in Sources */ = {isa = PBXBuildFile; fileRef = AAAA00000000000000000009 /* TopicDetailView.swift */; };
		AABB0000000000000000000A /* NFCView.swift in Sources */ = {isa = PBXBuildFile; fileRef = AAAA0000000000000000000A /* NFCView.swift */; };
		AABB0000000000000000000B /* HelpMenuView.swift in Sources */ = {isa = PBXBuildFile; fileRef = AAAA0000000000000000000E /* HelpMenuView.swift */; };
		AABB0000000000000000000C /* Assets.xcassets in Resources */ = {isa = PBXBuildFile; fileRef = AAAA0000000000000000000C /* Assets.xcassets */; };
		AABB00000000000000000010 /* NearbyHospitals.swift in Sources */ = {isa = PBXBuildFile; fileRef = AAAA00000000000000000010 /* NearbyHospitals.swift */; };
		AABB00000000000000000011 /* MedicationData.swift in Sources */ = {isa = PBXBuildFile; fileRef = AAAA00000000000000000011 /* MedicationData.swift */; };
		AABB00000000000000000012 /* PublicCardView.swift in Sources */ = {isa = PBXBuildFile; fileRef = AAAA00000000000000000012 /* PublicCardView.swift */; };
		AABB00000000000000000013 /* LocationAccessSuggester.swift in Sources */ = {isa = PBXBuildFile; fileRef = AAAA00000000000000000013 /* LocationAccessSuggester.swift */; };
		AABB00000000000000000014 /* BiometricAuth.swift in Sources */ = {isa = PBXBuildFile; fileRef = AAAA00000000000000000014 /* BiometricAuth.swift */; };
		AABB0000000000000000001A /* legal-doc.css in Resources */ = {isa = PBXBuildFile; fileRef = AAAA0000000000000000001A /* legal-doc.css */; };
		AABB0000000000000000001B /* KeychainStore.swift in Sources */ = {isa = PBXBuildFile; fileRef = AAAA0000000000000000001B /* KeychainStore.swift */; };
		AABB0000000000000000001C /* AppConfig.swift in Sources */ = {isa = PBXBuildFile; fileRef = AAAA0000000000000000001C /* AppConfig.swift */; };
		AABB0000000000000000001D /* ProfileNFCCodec.swift in Sources */ = {isa = PBXBuildFile; fileRef = AAAA0000000000000000001D /* ProfileNFCCodec.swift */; };
		AABB0000000000000000001E /* NFCWriter.swift in Sources */ = {isa = PBXBuildFile; fileRef = AAAA0000000000000000001E /* NFCWriter.swift */; };
		AABB0000000000000000001F /* NFCReader.swift in Sources */ = {isa = PBXBuildFile; fileRef = AAAA0000000000000000001F /* NFCReader.swift */; };
		AABB00000000000000000020 /* EmergencyNumber.swift in Sources */ = {isa = PBXBuildFile; fileRef = AAAA00000000000000000020 /* EmergencyNumber.swift */; };
		AABB00000000000000000022 /* BrandLogo.png in Resources */ = {isa = PBXBuildFile; fileRef = AAAA00000000000000000022 /* BrandLogo.png */; };
		AABB00000000000000000023 /* Main.swift in Sources */ = {isa = PBXBuildFile; fileRef = AAAA00000000000000000023 /* Main.swift */; };
		AABB00000000000000000025 /* sw.js in Resources */ = {isa = PBXBuildFile; fileRef = AAAA00000000000000000025 /* sw.js */; };
		AABB00000000000000000029 /* PrivacySnapshotGuard.swift in Sources */ = {isa = PBXBuildFile; fileRef = AAAA00000000000000000029 /* PrivacySnapshotGuard.swift */; };
		AABB0000000000000000002A /* HapticEngine.swift in Sources */ = {isa = PBXBuildFile; fileRef = AAAA0000000000000000002A /* HapticEngine.swift */; };
		AABB0000000000000000002B /* BrightnessBoost.swift in Sources */ = {isa = PBXBuildFile; fileRef = AAAA0000000000000000002B /* BrightnessBoost.swift */; };
		AABB0000000000000000002C /* LocatorBeacon.swift in Sources */ = {isa = PBXBuildFile; fileRef = AAAA0000000000000000002C /* LocatorBeacon.swift */; };
		AABB0000000000000000002D /* AppSettings.swift in Sources */ = {isa = PBXBuildFile; fileRef = AAAA0000000000000000002D /* AppSettings.swift */; };
		AABB0000000000000000002E /* HIPAAOfflineVault.swift in Sources */ = {isa = PBXBuildFile; fileRef = AAAA0000000000000000002E /* HIPAAOfflineVault.swift */; };
		AABB0000000000000000002F /* VaultHistoryStore.swift in Sources */ = {isa = PBXBuildFile; fileRef = AAAA0000000000000000002F /* VaultHistoryStore.swift */; };
		AABB00000000000000000030 /* CrashMotionGuard.swift in Sources */ = {isa = PBXBuildFile; fileRef = AAAA00000000000000000030 /* CrashMotionGuard.swift */; };
		AABB00000000000000000031 /* NFCBandManager.swift in Sources */ = {isa = PBXBuildFile; fileRef = AAAA00000000000000000031 /* NFCBandManager.swift */; };
		AABB00000000000000000032 /* SatelliteFieldUI.swift in Sources */ = {isa = PBXBuildFile; fileRef = AAAA00000000000000000032 /* SatelliteFieldUI.swift */; };
		AABB00000000000000000059 /* RedMedSignpost.swift in Sources */ = {isa = PBXBuildFile; fileRef = AAAA00000000000000000059 /* RedMedSignpost.swift */; };
		AABB00000000000000000034 /* SecurePasteboard.swift in Sources */ = {isa = PBXBuildFile; fileRef = AAAA00000000000000000034 /* SecurePasteboard.swift */; };
		AABB00000000000000000035 /* VolumeBoost.swift in Sources */ = {isa = PBXBuildFile; fileRef = AAAA00000000000000000035 /* VolumeBoost.swift */; };
		AABB0000000000000000004C /* PasserbyHTMLCardView.swift in Sources */ = {isa = PBXBuildFile; fileRef = AAAA0000000000000000004C /* PasserbyHTMLCardView.swift */; };
		AABB0000000000000000004D /* AudioSessionGate.swift in Sources */ = {isa = PBXBuildFile; fileRef = AAAA0000000000000000004D /* AudioSessionGate.swift */; };
		AABB00000000000000000050 /* Help.html in Resources */ = {isa = PBXBuildFile; fileRef = AAAA00000000000000000050 /* Help.html */; };
		AABB00000000000000000054 /* pheart.png in Resources */ = {isa = PBXBuildFile; fileRef = AAAA00000000000000000054 /* pheart.png */; };
		AABB00000000000000000055 /* ConsentGateView.swift in Sources */ = {isa = PBXBuildFile; fileRef = AAAA00000000000000000055 /* ConsentGateView.swift */; };
		AABB00000000000000000056 /* CountryDialCode.swift in Sources */ = {isa = PBXBuildFile; fileRef = AAAA00000000000000000056 /* CountryDialCode.swift */; };
		AABB00000000000000000057 /* HealthKitProfileImport.swift in Sources */ = {isa = PBXBuildFile; fileRef = AAAA00000000000000000057 /* HealthKitProfileImport.swift */; };
		AABB0000000000000000005A /* PrivacyInfo.xcprivacy in Resources */ = {isa = PBXBuildFile; fileRef = AAAA0000000000000000005A /* PrivacyInfo.xcprivacy */; };
		AABB0000000000000000005C /* LaunchScreen.storyboard in Resources */ = {isa = PBXBuildFile; fileRef = AAAA0000000000000000005C /* LaunchScreen.storyboard */; };
/* End PBXBuildFile section */

/* Begin PBXFileReference section */
		AAAA00000000000000000001 /* RedMedApp.swift */ = {isa = PBXFileReference; lastKnownFileType = sourcecode.swift; path = RedMedApp.swift; sourceTree = "<group>"; };
		AAAA00000000000000000002 /* ContentView.swift */ = {isa = PBXFileReference; lastKnownFileType = sourcecode.swift; path = ContentView.swift; sourceTree = "<group>"; };
		AAAA00000000000000000003 /* Theme.swift */ = {isa = PBXFileReference; lastKnownFileType = sourcecode.swift; path = Theme.swift; sourceTree = "<group>"; };
		AAAA00000000000000000004 /* ProfileData.swift */ = {isa = PBXFileReference; lastKnownFileType = sourcecode.swift; path = ProfileData.swift; sourceTree = "<group>"; };
		AAAA00000000000000000005 /* RedMedView.swift */ = {isa = PBXFileReference; lastKnownFileType = sourcecode.swift; path = RedMedView.swift; sourceTree = "<group>"; };
		AAAA00000000000000000006 /* EditProfileView.swift */ = {isa = PBXFileReference; lastKnownFileType = sourcecode.swift; path = EditProfileView.swift; sourceTree = "<group>"; };
		AAAA00000000000000000007 /* EmergencyView.swift */ = {isa = PBXFileReference; lastKnownFileType = sourcecode.swift; path = EmergencyView.swift; sourceTree = "<group>"; };
		AAAA00000000000000000008 /* AidView.swift */ = {isa = PBXFileReference; lastKnownFileType = sourcecode.swift; path = AidView.swift; sourceTree = "<group>"; };
		AAAA00000000000000000009 /* TopicDetailView.swift */ = {isa = PBXFileReference; lastKnownFileType = sourcecode.swift; path = TopicDetailView.swift; sourceTree = "<group>"; };
		AAAA0000000000000000000A /* NFCView.swift */ = {isa = PBXFileReference; lastKnownFileType = sourcecode.swift; path = NFCView.swift; sourceTree = "<group>"; };
		AAAA0000000000000000000B /* Info.plist */ = {isa = PBXFileReference; lastKnownFileType = text.plist.xml; path = Info.plist; sourceTree = "<group>"; };
		AAAA0000000000000000000C /* Assets.xcassets */ = {isa = PBXFileReference; lastKnownFileType = folder.assetcatalog; path = Assets.xcassets; sourceTree = "<group>"; };
		AAAA0000000000000000000D /* RedMed.app */ = {isa = PBXFileReference; explicitFileType = wrapper.application; includeInIndex = 0; path = RedMed.app; sourceTree = BUILT_PRODUCTS_DIR; };
		AAAA0000000000000000000E /* HelpMenuView.swift */ = {isa = PBXFileReference; lastKnownFileType = sourcecode.swift; path = HelpMenuView.swift; sourceTree = "<group>"; };
		AAAA0000000000000000000F /* RedMed.entitlements */ = {isa = PBXFileReference; lastKnownFileType = text.plist.entitlements; path = RedMed.entitlements; sourceTree = "<group>"; };
		AAAA00000000000000000010 /* NearbyHospitals.swift */ = {isa = PBXFileReference; lastKnownFileType = sourcecode.swift; path = NearbyHospitals.swift; sourceTree = "<group>"; };
		AAAA00000000000000000011 /* MedicationData.swift */ = {isa = PBXFileReference; lastKnownFileType = sourcecode.swift; path = MedicationData.swift; sourceTree = "<group>"; };
		AAAA00000000000000000012 /* PublicCardView.swift */ = {isa = PBXFileReference; lastKnownFileType = sourcecode.swift; path = PublicCardView.swift; sourceTree = "<group>"; };
		AAAA00000000000000000013 /* LocationAccessSuggester.swift */ = {isa = PBXFileReference; lastKnownFileType = sourcecode.swift; path = LocationAccessSuggester.swift; sourceTree = "<group>"; };
		AAAA00000000000000000014 /* BiometricAuth.swift */ = {isa = PBXFileReference; lastKnownFileType = sourcecode.swift; path = BiometricAuth.swift; sourceTree = "<group>"; };
		AAAA0000000000000000001A /* legal-doc.css */ = {isa = PBXFileReference; lastKnownFileType = text.css; path = "legal-doc.css"; sourceTree = "<group>"; };
		AAAA0000000000000000001B /* KeychainStore.swift */ = {isa = PBXFileReference; lastKnownFileType = sourcecode.swift; path = KeychainStore.swift; sourceTree = "<group>"; };
		AAAA0000000000000000001C /* AppConfig.swift */ = {isa = PBXFileReference; lastKnownFileType = sourcecode.swift; path = AppConfig.swift; sourceTree = "<group>"; };
		AAAA0000000000000000001D /* ProfileNFCCodec.swift */ = {isa = PBXFileReference; lastKnownFileType = sourcecode.swift; path = ProfileNFCCodec.swift; sourceTree = "<group>"; };
		AAAA0000000000000000001E /* NFCWriter.swift */ = {isa = PBXFileReference; lastKnownFileType = sourcecode.swift; path = NFCWriter.swift; sourceTree = "<group>"; };
		AAAA0000000000000000001F /* NFCReader.swift */ = {isa = PBXFileReference; lastKnownFileType = sourcecode.swift; path = NFCReader.swift; sourceTree = "<group>"; };
		AAAA00000000000000000020 /* EmergencyNumber.swift */ = {isa = PBXFileReference; lastKnownFileType = sourcecode.swift; path = EmergencyNumber.swift; sourceTree = "<group>"; };
		AAAA00000000000000000022 /* BrandLogo.png */ = {isa = PBXFileReference; lastKnownFileType = image.png; path = BrandLogo.png; sourceTree = "<group>"; };
		AAAA00000000000000000023 /* Main.swift */ = {isa = PBXFileReference; lastKnownFileType = sourcecode.swift; path = Main.swift; sourceTree = "<group>"; };
		AAAA00000000000000000025 /* sw.js */ = {isa = PBXFileReference; lastKnownFileType = sourcecode.javascript; path = sw.js; sourceTree = "<group>"; };
		AAAA00000000000000000029 /* PrivacySnapshotGuard.swift */ = {isa = PBXFileReference; lastKnownFileType = sourcecode.swift; path = PrivacySnapshotGuard.swift; sourceTree = "<group>"; };
		AAAA0000000000000000002A /* HapticEngine.swift */ = {isa = PBXFileReference; lastKnownFileType = sourcecode.swift; path = HapticEngine.swift; sourceTree = "<group>"; };
		AAAA0000000000000000002B /* BrightnessBoost.swift */ = {isa = PBXFileReference; lastKnownFileType = sourcecode.swift; path = BrightnessBoost.swift; sourceTree = "<group>"; };
		AAAA0000000000000000002C /* LocatorBeacon.swift */ = {isa = PBXFileReference; lastKnownFileType = sourcecode.swift; path = LocatorBeacon.swift; sourceTree = "<group>"; };
		AAAA0000000000000000002D /* AppSettings.swift */ = {isa = PBXFileReference; lastKnownFileType = sourcecode.swift; path = AppSettings.swift; sourceTree = "<group>"; };
		AAAA0000000000000000002E /* HIPAAOfflineVault.swift */ = {isa = PBXFileReference; lastKnownFileType = sourcecode.swift; path = HIPAAOfflineVault.swift; sourceTree = "<group>"; };
		AAAA0000000000000000002F /* VaultHistoryStore.swift */ = {isa = PBXFileReference; lastKnownFileType = sourcecode.swift; path = VaultHistoryStore.swift; sourceTree = "<group>"; };
		AAAA00000000000000000030 /* CrashMotionGuard.swift */ = {isa = PBXFileReference; lastKnownFileType = sourcecode.swift; path = CrashMotionGuard.swift; sourceTree = "<group>"; };
		AAAA00000000000000000031 /* NFCBandManager.swift */ = {isa = PBXFileReference; lastKnownFileType = sourcecode.swift; path = NFCBandManager.swift; sourceTree = "<group>"; };
		AAAA00000000000000000032 /* SatelliteFieldUI.swift */ = {isa = PBXFileReference; lastKnownFileType = sourcecode.swift; path = SatelliteFieldUI.swift; sourceTree = "<group>"; };
		AAAA00000000000000000059 /* RedMedSignpost.swift */ = {isa = PBXFileReference; lastKnownFileType = sourcecode.swift; path = RedMedSignpost.swift; sourceTree = "<group>"; };
		AAAA00000000000000000034 /* SecurePasteboard.swift */ = {isa = PBXFileReference; lastKnownFileType = sourcecode.swift; path = SecurePasteboard.swift; sourceTree = "<group>"; };
		AAAA00000000000000000035 /* VolumeBoost.swift */ = {isa = PBXFileReference; lastKnownFileType = sourcecode.swift; path = VolumeBoost.swift; sourceTree = "<group>"; };
		AAAA0000000000000000004C /* PasserbyHTMLCardView.swift */ = {isa = PBXFileReference; lastKnownFileType = sourcecode.swift; path = PasserbyHTMLCardView.swift; sourceTree = "<group>"; };
		AAAA0000000000000000004D /* AudioSessionGate.swift */ = {isa = PBXFileReference; lastKnownFileType = sourcecode.swift; path = AudioSessionGate.swift; sourceTree = "<group>"; };
		AAAA00000000000000000050 /* Help.html */ = {isa = PBXFileReference; lastKnownFileType = text.html; path = Help.html; sourceTree = "<group>"; };
		AAAA00000000000000000054 /* pheart.png */ = {isa = PBXFileReference; lastKnownFileType = image.png; path = pheart.png; sourceTree = "<group>"; };
		AAAA00000000000000000055 /* ConsentGateView.swift */ = {isa = PBXFileReference; lastKnownFileType = sourcecode.swift; path = ConsentGateView.swift; sourceTree = "<group>"; };
		AAAA00000000000000000056 /* CountryDialCode.swift */ = {isa = PBXFileReference; lastKnownFileType = sourcecode.swift; path = CountryDialCode.swift; sourceTree = "<group>"; };
		AAAA00000000000000000057 /* HealthKitProfileImport.swift */ = {isa = PBXFileReference; lastKnownFileType = sourcecode.swift; path = HealthKitProfileImport.swift; sourceTree = "<group>"; };
		AAAA0000000000000000005A /* PrivacyInfo.xcprivacy */ = {isa = PBXFileReference; lastKnownFileType = text.xml; path = PrivacyInfo.xcprivacy; sourceTree = "<group>"; };
		AAAA0000000000000000005C /* LaunchScreen.storyboard */ = {isa = PBXFileReference; lastKnownFileType = file.storyboard; path = LaunchScreen.storyboard; sourceTree = "<group>"; };
/* End PBXFileReference section */

/* Begin PBXFrameworksBuildPhase section */
		AAAA000000000000000000FF /* Frameworks */ = {
			isa = PBXFrameworksBuildPhase;
			buildActionMask = 2147483647;
			files = (
			);
			runOnlyForDeploymentPostprocessing = 0;
		};
/* End PBXFrameworksBuildPhase section */

/* Begin PBXGroup section */
		AAAA00000000000000000040 /* App Shell */ = {
			isa = PBXGroup;
			children = (
				AAAA00000000000000000001 /* RedMedApp.swift */,
				AAAA00000000000000000023 /* Main.swift */,
				AAAA00000000000000000002 /* ContentView.swift */,
				AAAA00000000000000000059 /* RedMedSignpost.swift */,
				AAAA00000000000000000055 /* ConsentGateView.swift */,
				AAAA00000000000000000056 /* CountryDialCode.swift */,
				AAAA00000000000000000003 /* Theme.swift */,
				AAAA0000000000000000001C /* AppConfig.swift */,
			);
			name = "App Shell";
			sourceTree = "<group>";
		};
		AAAA00000000000000000041 /* Tab · RedMed */ = {
			isa = PBXGroup;
			children = (
				AAAA00000000000000000005 /* RedMedView.swift */,
				AAAA00000000000000000006 /* EditProfileView.swift */,
				AAAA00000000000000000057 /* HealthKitProfileImport.swift */,
				AAAA00000000000000000004 /* ProfileData.swift */,
				AAAA00000000000000000011 /* MedicationData.swift */,
			);
			name = "Tab · RedMed";
			sourceTree = "<group>";
		};
		AAAA00000000000000000042 /* Tab · 911 */ = {
			isa = PBXGroup;
			children = (
				AAAA00000000000000000007 /* EmergencyView.swift */,
				AAAA00000000000000000020 /* EmergencyNumber.swift */,
				AAAA00000000000000000010 /* NearbyHospitals.swift */,
				AAAA00000000000000000013 /* LocationAccessSuggester.swift */,
				AAAA00000000000000000032 /* SatelliteFieldUI.swift */,
			);
			name = "Tab · 911";
			sourceTree = "<group>";
		};
		AAAA00000000000000000043 /* Tab · Aid */ = {
			isa = PBXGroup;
			children = (
				AAAA00000000000000000008 /* AidView.swift */,
				AAAA00000000000000000009 /* TopicDetailView.swift */,
			);
			name = "Tab · Aid";
			sourceTree = "<group>";
		};
		AAAA00000000000000000044 /* Tab · NFC */ = {
			isa = PBXGroup;
			children = (
				AAAA0000000000000000000A /* NFCView.swift */,
				AAAA00000000000000000031 /* NFCBandManager.swift */,
				AAAA0000000000000000001E /* NFCWriter.swift */,
				AAAA0000000000000000001F /* NFCReader.swift */,
				AAAA0000000000000000001D /* ProfileNFCCodec.swift */,
			);
			name = "Tab · NFC";
			sourceTree = "<group>";
		};
		AAAA00000000000000000045 /* Scanner */ = {
			isa = PBXGroup;
			children = (
				AAAA00000000000000000012 /* PublicCardView.swift */,
				AAAA0000000000000000004C /* PasserbyHTMLCardView.swift */,
			);
			name = Scanner;
			sourceTree = "<group>";
		};
		AAAA00000000000000000046 /* Vault & Privacy */ = {
			isa = PBXGroup;
			children = (
				AAAA0000000000000000001B /* KeychainStore.swift */,
				AAAA00000000000000000014 /* BiometricAuth.swift */,
				AAAA0000000000000000002E /* HIPAAOfflineVault.swift */,
				AAAA0000000000000000002F /* VaultHistoryStore.swift */,
				AAAA00000000000000000029 /* PrivacySnapshotGuard.swift */,
				AAAA00000000000000000034 /* SecurePasteboard.swift */,
			);
			name = "Vault & Privacy";
			sourceTree = "<group>";
		};
		AAAA00000000000000000047 /* Survival Alarm */ = {
			isa = PBXGroup;
			children = (
				AAAA00000000000000000030 /* CrashMotionGuard.swift */,
				AAAA0000000000000000002B /* BrightnessBoost.swift */,
				AAAA0000000000000000004D /* AudioSessionGate.swift */,
				AAAA00000000000000000035 /* VolumeBoost.swift */,
				AAAA0000000000000000002C /* LocatorBeacon.swift */,
				AAAA0000000000000000002A /* HapticEngine.swift */,
			);
			name = "Survival Alarm";
			sourceTree = "<group>";
		};
		AAAA00000000000000000048 /* Help & Settings */ = {
			isa = PBXGroup;
			children = (
				AAAA0000000000000000000E /* HelpMenuView.swift */,
				AAAA0000000000000000002D /* AppSettings.swift */,
			);
			name = "Help & Settings";
			sourceTree = "<group>";
		};
		AAAA00000000000000000049 /* Policies */ = {
			isa = PBXGroup;
			children = (
				AAAA00000000000000000050 /* Help.html */,
				AAAA0000000000000000001A /* legal-doc.css */,
			);
			name = Policies;
			sourceTree = "<group>";
		};
		AAAA0000000000000000004A /* Passerby Bundle */ = {
			isa = PBXGroup;
			children = (
				AAAA00000000000000000025 /* sw.js */,
				AAAA00000000000000000022 /* BrandLogo.png */,
				AAAA00000000000000000054 /* pheart.png */,
			);
			name = "Passerby Bundle";
			sourceTree = "<group>";
		};
		AAAA0000000000000000004B /* Support */ = {
			isa = PBXGroup;
			children = (
				AAAA0000000000000000000C /* Assets.xcassets */,
				AAAA0000000000000000005C /* LaunchScreen.storyboard */,
				AAAA0000000000000000000B /* Info.plist */,
				AAAA0000000000000000005A /* PrivacyInfo.xcprivacy */,
				AAAA0000000000000000000F /* RedMed.entitlements */,
			);
			name = Support;
			sourceTree = "<group>";
		};
		AAAA000000000000000000AA = {
			isa = PBXGroup;
			children = (
				AAAA000000000000000000BB /* RedMed */,
				AAAA000000000000000000CC /* Products */,
			);
			sourceTree = "<group>";
		};
		AAAA000000000000000000BB /* RedMed */ = {
			isa = PBXGroup;
			children = (
				AAAA00000000000000000040 /* App Shell */,
				AAAA00000000000000000041 /* Tab · RedMed */,
				AAAA00000000000000000042 /* Tab · 911 */,
				AAAA00000000000000000043 /* Tab · Aid */,
				AAAA00000000000000000044 /* Tab · NFC */,
				AAAA00000000000000000045 /* Scanner */,
				AAAA00000000000000000046 /* Vault & Privacy */,
				AAAA00000000000000000047 /* Survival Alarm */,
				AAAA00000000000000000048 /* Help & Settings */,
				AAAA00000000000000000049 /* Policies */,
				AAAA0000000000000000004A /* Passerby Bundle */,
				AAAA0000000000000000004B /* Support */,
			);
			path = RedMed;
			sourceTree = "<group>";
		};
		AAAA000000000000000000CC /* Products */ = {
			isa = PBXGroup;
			children = (
				AAAA0000000000000000000D /* RedMed.app */,
			);
			name = Products;
			sourceTree = "<group>";
		};
/* End PBXGroup section */

/* Begin PBXNativeTarget section */
		AACC00000000000000000001 /* RedMed */ = {
			isa = PBXNativeTarget;
			buildConfigurationList = AADD00000000000000000006 /* Build configuration list for PBXNativeTarget "RedMed" */;
			buildPhases = (
				AAAA000000000000000000DD /* Sources */,
				AAAA000000000000000000EE /* Resources */,
				AAAA00000000000000000070 /* Bundle passerby tapper */,
				AAAA000000000000000000FF /* Frameworks */,
			);
			buildRules = (
			);
			dependencies = (
			);
			name = RedMed;
			productName = RedMed;
			productReference = AAAA0000000000000000000D /* RedMed.app */;
			productType = "com.apple.product-type.application";
		};
/* End PBXNativeTarget section */

/* Begin PBXProject section */
		AAEE00000000000000000001 /* Project object */ = {
			isa = PBXProject;
			attributes = {
				BuildIndependentTargetsInParallel = 1;
				LastSwiftUpdateCheck = 1500;
				LastUpgradeCheck = 2700;
				TargetAttributes = {
					AACC00000000000000000001 = {
						CreatedOnToolsVersion = 15.0;
					};
				};
			};
			buildConfigurationList = AADD00000000000000000005 /* Build configuration list for PBXProject "RedMed" */;
			compatibilityVersion = "Xcode 14.0";
			developmentRegion = en;
			hasScannedForEncodings = 0;
			knownRegions = (
				en,
				Base,
			);
			mainGroup = AAAA000000000000000000AA;
			productRefGroup = AAAA000000000000000000CC /* Products */;
			projectDirPath = "";
			projectRoot = "";
			targets = (
				AACC00000000000000000001 /* RedMed */,
			);
		};
/* End PBXProject section */

/* Begin PBXResourcesBuildPhase section */
		AAAA000000000000000000EE /* Resources */ = {
			isa = PBXResourcesBuildPhase;
			buildActionMask = 2147483647;
			files = (
				AABB0000000000000000000C /* Assets.xcassets in Resources */,
				AABB00000000000000000050 /* Help.html in Resources */,
				AABB00000000000000000025 /* sw.js in Resources */,
				AABB00000000000000000022 /* BrandLogo.png in Resources */,
				AABB00000000000000000054 /* pheart.png in Resources */,
				AABB0000000000000000001A /* legal-doc.css in Resources */,
				AABB0000000000000000005A /* PrivacyInfo.xcprivacy in Resources */,
				AABB0000000000000000005C /* LaunchScreen.storyboard in Resources */,
			);
			runOnlyForDeploymentPostprocessing = 0;
		};
/* End PBXResourcesBuildPhase section */


/* Begin PBXShellScriptBuildPhase section */
		AAAA00000000000000000070 /* Bundle passerby tapper */ = {
			isa = PBXShellScriptBuildPhase;
			alwaysOutOfDate = 1;
			buildActionMask = 2147483647;
			files = (
			);
			inputFileListPaths = (
			);
			inputPaths = (
				"$(SRCROOT)/../tapper/index.html",
			);
			name = "Bundle passerby tapper";
			outputFileListPaths = (
			);
			outputPaths = (
				"$(TARGET_BUILD_DIR)/$(UNLOCALIZED_RESOURCES_FOLDER_PATH)/tapper.html",
			);
			runOnlyForDeploymentPostprocessing = 0;
			shellPath = /bin/sh;
			shellScript = "set -euo pipefail\nSRC=\"${SRCROOT}/../tapper/index.html\"\nDEST=\"${TARGET_BUILD_DIR}/${UNLOCALIZED_RESOURCES_FOLDER_PATH}/tapper.html\"\ntest -f \"$SRC\" || { echo \"missing $SRC\" >&2; exit 1; }\ngrep -q 'data-tab=\"medical\"' \"$SRC\" || { echo \"$SRC is not the full passerby shell\" >&2; exit 1; }\ngrep -q 'data-tab=\"911\"' \"$SRC\" || { echo \"$SRC missing 911 tab\" >&2; exit 1; }\ngrep -q 'data-tab=\"aid\"' \"$SRC\" || { echo \"$SRC missing Aid tab\" >&2; exit 1; }\nmkdir -p \"$(dirname \"$DEST\")\"\ncp -f \"$SRC\" \"$DEST\"\n";
			showEnvVarsInLog = 0;
		};
/* End PBXShellScriptBuildPhase section */

/* Begin PBXSourcesBuildPhase section */
		AAAA000000000000000000DD /* Sources */ = {
			isa = PBXSourcesBuildPhase;
			buildActionMask = 2147483647;
			files = (
				AABB00000000000000000001 /* RedMedApp.swift in Sources */,
				AABB00000000000000000023 /* Main.swift in Sources */,
				AABB00000000000000000002 /* ContentView.swift in Sources */,
				AABB00000000000000000003 /* Theme.swift in Sources */,
				AABB00000000000000000004 /* ProfileData.swift in Sources */,
				AABB00000000000000000005 /* RedMedView.swift in Sources */,
				AABB00000000000000000006 /* EditProfileView.swift in Sources */,
				AABB00000000000000000007 /* EmergencyView.swift in Sources */,
				AABB00000000000000000008 /* AidView.swift in Sources */,
				AABB00000000000000000009 /* TopicDetailView.swift in Sources */,
				AABB00000000000000000010 /* NearbyHospitals.swift in Sources */,
				AABB00000000000000000011 /* MedicationData.swift in Sources */,
				AABB00000000000000000012 /* PublicCardView.swift in Sources */,
				AABB0000000000000000004C /* PasserbyHTMLCardView.swift in Sources */,
				AABB00000000000000000013 /* LocationAccessSuggester.swift in Sources */,
				AABB00000000000000000014 /* BiometricAuth.swift in Sources */,
				AABB0000000000000000004D /* AudioSessionGate.swift in Sources */,
				AABB0000000000000000002A /* HapticEngine.swift in Sources */,
				AABB0000000000000000002B /* BrightnessBoost.swift in Sources */,
				AABB00000000000000000035 /* VolumeBoost.swift in Sources */,
				AABB0000000000000000002C /* LocatorBeacon.swift in Sources */,
				AABB0000000000000000002D /* AppSettings.swift in Sources */,
				AABB0000000000000000001B /* KeychainStore.swift in Sources */,
				AABB0000000000000000002E /* HIPAAOfflineVault.swift in Sources */,
				AABB0000000000000000002F /* VaultHistoryStore.swift in Sources */,
				AABB00000000000000000029 /* PrivacySnapshotGuard.swift in Sources */,
				AABB00000000000000000030 /* CrashMotionGuard.swift in Sources */,
				AABB00000000000000000032 /* SatelliteFieldUI.swift in Sources */,
				AABB00000000000000000059 /* RedMedSignpost.swift in Sources */,
				AABB00000000000000000055 /* ConsentGateView.swift in Sources */,
				AABB00000000000000000056 /* CountryDialCode.swift in Sources */,
				AABB00000000000000000057 /* HealthKitProfileImport.swift in Sources */,
				AABB00000000000000000034 /* SecurePasteboard.swift in Sources */,
				AABB00000000000000000020 /* EmergencyNumber.swift in Sources */,
				AABB0000000000000000001C /* AppConfig.swift in Sources */,
				AABB0000000000000000001D /* ProfileNFCCodec.swift in Sources */,
				AABB0000000000000000001E /* NFCWriter.swift in Sources */,
				AABB0000000000000000001F /* NFCReader.swift in Sources */,
				AABB00000000000000000031 /* NFCBandManager.swift in Sources */,
				AABB0000000000000000000A /* NFCView.swift in Sources */,
				AABB0000000000000000000B /* HelpMenuView.swift in Sources */,
			);
			runOnlyForDeploymentPostprocessing = 0;
		};
/* End PBXSourcesBuildPhase section */

/* Begin XCBuildConfiguration section */
		AADD00000000000000000001 /* Debug */ = {
			isa = XCBuildConfiguration;
			buildSettings = {
				ALWAYS_SEARCH_USER_PATHS = NO;
				CLANG_ENABLE_MODULES = YES;
				CLANG_ENABLE_OBJC_ARC = YES;
				CLANG_WARN_BLOCK_CAPTURE_AUTORELEASING = YES;
				CLANG_WARN_BOOL_CONVERSION = YES;
				CLANG_WARN_COMMA = YES;
				CLANG_WARN_CONSTANT_CONVERSION = YES;
				CLANG_WARN_DEPRECATED_OBJC_IMPLEMENTATIONS = YES;
				CLANG_WARN_DIRECT_OBJC_ISA_USAGE = YES_ERROR;
				CLANG_WARN_EMPTY_BODY = YES;
				CLANG_WARN_ENUM_CONVERSION = YES;
				CLANG_WARN_INFINITE_RECURSION = YES;
				CLANG_WARN_INT_CONVERSION = YES;
				CLANG_WARN_NON_LITERAL_NULL_CONVERSION = YES;
				CLANG_WARN_OBJC_IMPLICIT_RETAIN_SELF = YES;
				CLANG_WARN_OBJC_LITERAL_CONVERSION = YES;
				CLANG_WARN_OBJC_ROOT_CLASS = YES_ERROR;
				CLANG_WARN_QUOTED_INCLUDE_IN_FRAMEWORK_HEADER = YES;
				CLANG_WARN_RANGE_LOOP_ANALYSIS = YES;
				CLANG_WARN_STRICT_PROTOTYPES = YES;
				CLANG_WARN_SUSPICIOUS_MOVE = YES;
				CLANG_WARN_UNGUARDED_AVAILABILITY = YES_AGGRESSIVE;
				CLANG_WARN_UNREACHABLE_CODE = YES;
				CLANG_WARN__DUPLICATE_METHOD_MATCH = YES;
				COPY_PHASE_STRIP = NO;
				DEBUG_INFORMATION_FORMAT = dwarf;
				DEVELOPMENT_TEAM = 33F9FQ4VBU;
				ENABLE_DEBUG_DYLIB = NO;
				ENABLE_STRICT_OBJC_MSGSEND = YES;
				ENABLE_TESTABILITY = NO;
				ENABLE_USER_SCRIPT_SANDBOXING = YES;
				MTL_ENABLE_DEBUG_INFO = NO;
				GCC_C_LANGUAGE_STANDARD = gnu17;
				GCC_DYNAMIC_NO_PIC = NO;
				GCC_NO_COMMON_BLOCKS = YES;
				GCC_OPTIMIZATION_LEVEL = 0;
				GCC_PREPROCESSOR_DEFINITIONS = (
					"DEBUG=1",
					"$(inherited)",
				);
				GCC_WARN_64_TO_32_BIT_CONVERSION = YES;
				GCC_WARN_ABOUT_RETURN_TYPE = YES_ERROR;
				GCC_WARN_UNDECLARED_SELECTOR = YES;
				GCC_WARN_UNINITIALIZED_AUTOS = YES_AGGRESSIVE;
				GCC_WARN_UNUSED_FUNCTION = YES;
				GCC_WARN_UNUSED_VARIABLE = YES;
				IPHONEOS_DEPLOYMENT_TARGET = 17.0;
				ONLY_ACTIVE_ARCH = YES;
				SDKROOT = iphoneos;
				STRING_CATALOG_GENERATE_SYMBOLS = YES;
				SWIFT_ACTIVE_COMPILATION_CONDITIONS = "DEBUG $(inherited)";
				SWIFT_COMPILATION_MODE = incremental;
				SWIFT_OPTIMIZATION_LEVEL = "-Onone";
			};
			name = Debug;
		};
		AADD00000000000000000002 /* Release */ = {
			isa = XCBuildConfiguration;
			buildSettings = {
				ALWAYS_SEARCH_USER_PATHS = NO;
				CLANG_ENABLE_MODULES = YES;
				CLANG_ENABLE_OBJC_ARC = YES;
				CLANG_WARN_BLOCK_CAPTURE_AUTORELEASING = YES;
				CLANG_WARN_BOOL_CONVERSION = YES;
				CLANG_WARN_COMMA = YES;
				CLANG_WARN_CONSTANT_CONVERSION = YES;
				CLANG_WARN_DEPRECATED_OBJC_IMPLEMENTATIONS = YES;
				CLANG_WARN_DIRECT_OBJC_ISA_USAGE = YES_ERROR;
				CLANG_WARN_EMPTY_BODY = YES;
				CLANG_WARN_ENUM_CONVERSION = YES;
				CLANG_WARN_INFINITE_RECURSION = YES;
				CLANG_WARN_INT_CONVERSION = YES;
				CLANG_WARN_NON_LITERAL_NULL_CONVERSION = YES;
				CLANG_WARN_OBJC_IMPLICIT_RETAIN_SELF = YES;
				CLANG_WARN_OBJC_LITERAL_CONVERSION = YES;
				CLANG_WARN_OBJC_ROOT_CLASS = YES_ERROR;
				CLANG_WARN_QUOTED_INCLUDE_IN_FRAMEWORK_HEADER = YES;
				CLANG_WARN_RANGE_LOOP_ANALYSIS = YES;
				CLANG_WARN_STRICT_PROTOTYPES = YES;
				CLANG_WARN_SUSPICIOUS_MOVE = YES;
				CLANG_WARN_UNGUARDED_AVAILABILITY = YES_AGGRESSIVE;
				CLANG_WARN_UNREACHABLE_CODE = YES;
				CLANG_WARN__DUPLICATE_METHOD_MATCH = YES;
				COPY_PHASE_STRIP = NO;
				DEBUG_INFORMATION_FORMAT = "dwarf-with-dsym";
				DEVELOPMENT_TEAM = 33F9FQ4VBU;
				ENABLE_NS_ASSERTIONS = NO;
				ENABLE_STRICT_OBJC_MSGSEND = YES;
				ENABLE_USER_SCRIPT_SANDBOXING = YES;
				GCC_C_LANGUAGE_STANDARD = gnu17;
				GCC_NO_COMMON_BLOCKS = YES;
				GCC_WARN_64_TO_32_BIT_CONVERSION = YES;
				GCC_WARN_ABOUT_RETURN_TYPE = YES_ERROR;
				GCC_WARN_UNDECLARED_SELECTOR = YES;
				GCC_WARN_UNINITIALIZED_AUTOS = YES_AGGRESSIVE;
				GCC_WARN_UNUSED_FUNCTION = YES;
				GCC_WARN_UNUSED_VARIABLE = YES;
				IPHONEOS_DEPLOYMENT_TARGET = 17.0;
				SDKROOT = iphoneos;
				STRING_CATALOG_GENERATE_SYMBOLS = YES;
				SWIFT_COMPILATION_MODE = wholemodule;
				VALIDATE_PRODUCT = YES;
			};
			name = Release;
		};
		AADD00000000000000000003 /* Debug */ = {
			isa = XCBuildConfiguration;
			buildSettings = {
				ASSETCATALOG_COMPILER_APPICON_NAME = AppIcon;
				ASSETCATALOG_COMPILER_GLOBAL_ACCENT_COLOR_NAME = AccentColor;
				CODE_SIGN_ENTITLEMENTS = RedMed/RedMed.entitlements;
				CODE_SIGN_STYLE = Automatic;
				CURRENT_PROJECT_VERSION = 2;
				DEVELOPMENT_TEAM = 33F9FQ4VBU;
				ENABLE_DEBUG_DYLIB = NO;
				ENABLE_PREVIEWS = NO;
				GENERATE_INFOPLIST_FILE = NO;
				INFOPLIST_FILE = RedMed/Info.plist;
				MTL_ENABLE_DEBUG_INFO = NO;
				INFOPLIST_KEY_CFBundleDisplayName = RedMed;
				INFOPLIST_KEY_LSApplicationCategoryType = "public.app-category.medical";
				IPHONEOS_DEPLOYMENT_TARGET = 17.0;
				LD_RUNPATH_SEARCH_PATHS = (
					"$(inherited)",
					"@executable_path/Frameworks",
				);
				MARKETING_VERSION = 1.1;
				PRODUCT_BUNDLE_IDENTIFIER = com.redmed.app;
				PRODUCT_NAME = "$(TARGET_NAME)";
				SWIFT_EMIT_LOC_STRINGS = YES;
				SWIFT_VERSION = 5.0;
				TARGETED_DEVICE_FAMILY = 1;
			};
			name = Debug;
		};
		AADD00000000000000000004 /* Release */ = {
			isa = XCBuildConfiguration;
			buildSettings = {
				ASSETCATALOG_COMPILER_APPICON_NAME = AppIcon;
				ASSETCATALOG_COMPILER_GLOBAL_ACCENT_COLOR_NAME = AccentColor;
				CODE_SIGN_ENTITLEMENTS = RedMed/RedMed.entitlements;
				CODE_SIGN_STYLE = Automatic;
				CURRENT_PROJECT_VERSION = 2;
				DEVELOPMENT_TEAM = 33F9FQ4VBU;
				ENABLE_PREVIEWS = NO;
				GENERATE_INFOPLIST_FILE = NO;
				INFOPLIST_FILE = RedMed/Info.plist;
				INFOPLIST_KEY_CFBundleDisplayName = RedMed;
				INFOPLIST_KEY_LSApplicationCategoryType = "public.app-category.medical";
				IPHONEOS_DEPLOYMENT_TARGET = 17.0;
				LD_RUNPATH_SEARCH_PATHS = (
					"$(inherited)",
					"@executable_path/Frameworks",
				);
				MARKETING_VERSION = 1.1;
				PRODUCT_BUNDLE_IDENTIFIER = com.redmed.app;
				PRODUCT_NAME = "$(TARGET_NAME)";
				SWIFT_EMIT_LOC_STRINGS = YES;
				SWIFT_VERSION = 5.0;
				TARGETED_DEVICE_FAMILY = 1;
			};
			name = Release;
		};
/* End XCBuildConfiguration section */

/* Begin XCConfigurationList section */
		AADD00000000000000000005 /* Build configuration list for PBXProject "RedMed" */ = {
			isa = XCConfigurationList;
			buildConfigurations = (
				AADD00000000000000000001 /* Debug */,
				AADD00000000000000000002 /* Release */,
			);
			defaultConfigurationIsVisible = 0;
			defaultConfigurationName = Release;
		};
		AADD00000000000000000006 /* Build configuration list for PBXNativeTarget "RedMed" */ = {
			isa = XCConfigurationList;
			buildConfigurations = (
				AADD00000000000000000003 /* Debug */,
				AADD00000000000000000004 /* Release */,
			);
			defaultConfigurationIsVisible = 0;
			defaultConfigurationName = Release;
		};
/* End XCConfigurationList section */
	};
	rootObject = AAEE00000000000000000001 /* Project object */;
}
